
Microsoft Visual Studio Solution File, Format Version 12.00
# Visual Studio Version 17
VisualStudioVersion = 17.6.33417.168
MinimumVisualStudioVersion = 10.0.40219.1
Project("{2150E333-8FDC-42A3-9474-1A3956D46DE8}") = "src", "src", "{07EEC6E7-23E4-4B52-9FE8-60E6775CD42C}"
EndProject
Project("{9A19103F-16F7-4668-BE54-9A1E7A4F7556}") = "bbdotnet.Application", "src\bbdotnet.Application\bbdotnet.Application.csproj", "{DED57011-5CFB-4753-AA8A-50BA9F04E3DC}"
EndProject
Project("{9A19103F-16F7-4668-BE54-9A1E7A4F7556}") = "bbdotnet.Domain", "src\bbdotnet.Domain\bbdotnet.Domain.csproj", "{2F2115E2-D708-4E3E-AB1E-2691F864DBDC}"
EndProject
Project("{2150E333-8FDC-42A3-9474-1A3956D46DE8}") = "Solution Items", "Solution Items", "{3EB0C2B8-205F-4DE9-81AF-EFE48AC1800A}"
	ProjectSection(SolutionItems) = preProject
		.editorconfig = .editorconfig
	EndProjectSection
EndProject
Project("{9A19103F-16F7-4668-BE54-9A1E7A4F7556}") = "bbdotnet.WebApi", "src\bbdotnet.WebApi\bbdotnet.WebApi.csproj", "{0628CB2E-B0B4-401A-99CA-22CFEE1A2D2D}"
EndProject
Project("{9A19103F-16F7-4668-BE54-9A1E7A4F7556}") = "bbdotnet.Infrastructure", "src\bbdotnet.Infrastructure\bbdotnet.Infrastructure.csproj", "{C00495E0-FE1C-4269-AE72-017D5420400F}"
EndProject
Global
	GlobalSection(SolutionConfigurationPlatforms) = preSolution
		Debug|Any CPU = Debug|Any CPU
		Release|Any CPU = Release|Any CPU
	EndGlobalSection
	GlobalSection(ProjectConfigurationPlatforms) = postSolution
		{DED57011-5CFB-4753-AA8A-50BA9F04E3DC}.Debug|Any CPU.ActiveCfg = Debug|Any CPU
		{DED57011-5CFB-4753-AA8A-50BA9F04E3DC}.Debug|Any CPU.Build.0 = Debug|Any CPU
		{DED57011-5CFB-4753-AA8A-50BA9F04E3DC}.Release|Any CPU.ActiveCfg = Release|Any CPU
		{DED57011-5CFB-4753-AA8A-50BA9F04E3DC}.Release|Any CPU.Build.0 = Release|Any CPU
		{2F2115E2-D708-4E3E-AB1E-2691F864DBDC}.Debug|Any CPU.ActiveCfg = Debug|Any CPU
		{2F2115E2-D708-4E3E-AB1E-2691F864DBDC}.Debug|Any CPU.Build.0 = Debug|Any CPU
		{2F2115E2-D708-4E3E-AB1E-2691F864DBDC}.Release|Any CPU.ActiveCfg = Release|Any CPU
		{2F2115E2-D708-4E3E-AB1E-2691F864DBDC}.Release|Any CPU.Build.0 = Release|Any CPU
		{0628CB2E-B0B4-401A-99CA-22CFEE1A2D2D}.Debug|Any CPU.ActiveCfg = Debug|Any CPU
		{0628CB2E-B0B4-401A-99CA-22CFEE1A2D2D}.Debug|Any CPU.Build.0 = Debug|Any CPU
		{0628CB2E-B0B4-401A-99CA-22CFEE1A2D2D}.Release|Any CPU.ActiveCfg = Release|Any CPU
		{0628CB2E-B0B4-401A-99CA-22CFEE1A2D2D}.Release|Any CPU.Build.0 = Release|Any CPU
		{C00495E0-FE1C-4269-AE72-017D5420400F}.Debug|Any CPU.ActiveCfg = Debug|Any CPU
		{C00495E0-FE1C-4269-AE72-017D5420400F}.Debug|Any CPU.Build.0 = Debug|Any CPU
		{C00495E0-FE1C-4269-AE72-017D5420400F}.Release|Any CPU.ActiveCfg = Release|Any CPU
		{C00495E0-FE1C-4269-AE72-017D5420400F}.Release|Any CPU.Build.0 = Release|Any CPU
	EndGlobalSection
	GlobalSection(SolutionProperties) = preSolution
		HideSolutionNode = FALSE
	EndGlobalSection
	GlobalSection(NestedProjects) = preSolution
		{DED57011-5CFB-4753-AA8A-50BA9F04E3DC} = {07EEC6E7-23E4-4B52-9FE8-60E6775CD42C}
		{2F2115E2-D708-4E3E-AB1E-2691F864DBDC} = {07EEC6E7-23E4-4B52-9FE8-60E6775CD42C}
		{0628CB2E-B0B4-401A-99CA-22CFEE1A2D2D} = {07EEC6E7-23E4-4B52-9FE8-60E6775CD42C}
		{C00495E0-FE1C-4269-AE72-017D5420400F} = {07EEC6E7-23E4-4B52-9FE8-60E6775CD42C}
	EndGlobalSection
	GlobalSection(ExtensibilityGlobals) = postSolution
		SolutionGuid = {E6287397-B44E-42D9-B5E9-EA6692B1D45C}
	EndGlobalSection
EndGlobal
